
Microsoft Visual Studio Solution File, Format Version 12.00
# Visual Studio Version 17
VisualStudioVersion = 17.6.33829.357
MinimumVisualStudioVersion = 10.0.40219.1
Project("{9A19103F-16F7-4668-BE54-9A1E7A4F7556}") = "Appointments.API", "Appointments.API\Appointments.API.csproj", "{C5117A24-5325-4391-9083-92C481F475D7}"
EndProject
Project("{9A19103F-16F7-4668-BE54-9A1E7A4F7556}") = "Appointments.Core", "Appointments.Core\Appointments.Core.csproj", "{7E7972FD-F639-4CA4-9A7A-C1915A0781BA}"
EndProject
Project("{9A19103F-16F7-4668-BE54-9A1E7A4F7556}") = "Appointments.Data", "Appointments.Data\Appointments.Data.csproj", "{5BE1A144-D2AF-402C-9358-5224A221408F}"
EndProject
Project("{9A19103F-16F7-4668-BE54-9A1E7A4F7556}") = "Appointments.Service", "Appointments.Service\Appointments.Service.csproj", "{6A7A3CB5-29F5-430E-87BD-BE69771A1861}"
EndProject
Global
	GlobalSection(SolutionConfigurationPlatforms) = preSolution
		Debug|Any CPU = Debug|Any CPU
		Release|Any CPU = Release|Any CPU
	EndGlobalSection
	GlobalSection(ProjectConfigurationPlatforms) = postSolution
		{C5117A24-5325-4391-9083-92C481F475D7}.Debug|Any CPU.ActiveCfg = Debug|Any CPU
		{C5117A24-5325-4391-9083-92C481F475D7}.Debug|Any CPU.Build.0 = Debug|Any CPU
		{C5117A24-5325-4391-9083-92C481F475D7}.Release|Any CPU.ActiveCfg = Release|Any CPU
		{C5117A24-5325-4391-9083-92C481F475D7}.Release|Any CPU.Build.0 = Release|Any CPU
		{7E7972FD-F639-4CA4-9A7A-C1915A0781BA}.Debug|Any CPU.ActiveCfg = Debug|Any CPU
		{7E7972FD-F639-4CA4-9A7A-C1915A0781BA}.Debug|Any CPU.Build.0 = Debug|Any CPU
		{7E7972FD-F639-4CA4-9A7A-C1915A0781BA}.Release|Any CPU.ActiveCfg = Release|Any CPU
		{7E7972FD-F639-4CA4-9A7A-C1915A0781BA}.Release|Any CPU.Build.0 = Release|Any CPU
		{5BE1A144-D2AF-402C-9358-5224A221408F}.Debug|Any CPU.ActiveCfg = Debug|Any CPU
		{5BE1A144-D2AF-402C-9358-5224A221408F}.Debug|Any CPU.Build.0 = Debug|Any CPU
		{5BE1A144-D2AF-402C-9358-5224A221408F}.Release|Any CPU.ActiveCfg = Release|Any CPU
		{5BE1A144-D2AF-402C-9358-5224A221408F}.Release|Any CPU.Build.0 = Release|Any CPU
		{6A7A3CB5-29F5-430E-87BD-BE69771A1861}.Debug|Any CPU.ActiveCfg = Debug|Any CPU
		{6A7A3CB5-29F5-430E-87BD-BE69771A1861}.Debug|Any CPU.Build.0 = Debug|Any CPU
		{6A7A3CB5-29F5-430E-87BD-BE69771A1861}.Release|Any CPU.ActiveCfg = Release|Any CPU
		{6A7A3CB5-29F5-430E-87BD-BE69771A1861}.Release|Any CPU.Build.0 = Release|Any CPU
	EndGlobalSection
	GlobalSection(SolutionProperties) = preSolution
		HideSolutionNode = FALSE
	EndGlobalSection
	GlobalSection(ExtensibilityGlobals) = postSolution
		SolutionGuid = {7246F341-34C8-4837-86D7-ED2B366E0DFB}
	EndGlobalSection
EndGlobal
